
Microsoft Visual Studio Solution File, Format Version 12.00
# Visual Studio Version 16
VisualStudioVersion = 16.0.30907.101
MinimumVisualStudioVersion = 10.0.40219.1
Project("{9A19103F-16F7-4668-BE54-9A1E7A4F7556}") = "BasicCrudOperations", "BasicCrudOperations.csproj", "{C9E46F17-CA51-4BEE-A48A-4C66E4E974EC}"
EndProject
Project("{FAE04EC0-301F-11D3-BF4B-00C04F79EFBC}") = "Repository", "..\Repository\Repository.csproj", "{E2F46675-A059-492C-A05F-D65ACE994F3F}"
EndProject
Project("{FAE04EC0-301F-11D3-BF4B-00C04F79EFBC}") = "Service", "..\Service\Service.csproj", "{6A917AC6-479B-4D3D-B326-D295C5E8D3E1}"
EndProject
Project("{FAE04EC0-301F-11D3-BF4B-00C04F79EFBC}") = "Model", "..\Model\Model.csproj", "{A2402945-F87D-46D4-BD83-002C6471433D}"
EndProject
Project("{FAE04EC0-301F-11D3-BF4B-00C04F79EFBC}") = "Interface", "..\Interface\Interface.csproj", "{F9B54BFA-A0FA-40F3-B18C-0989CA48BD7C}"
EndProject
Global
	GlobalSection(SolutionConfigurationPlatforms) = preSolution
		Debug|Any CPU = Debug|Any CPU
		Release|Any CPU = Release|Any CPU
	EndGlobalSection
	GlobalSection(ProjectConfigurationPlatforms) = postSolution
		{C9E46F17-CA51-4BEE-A48A-4C66E4E974EC}.Debug|Any CPU.ActiveCfg = Debug|Any CPU
		{C9E46F17-CA51-4BEE-A48A-4C66E4E974EC}.Debug|Any CPU.Build.0 = Debug|Any CPU
		{C9E46F17-CA51-4BEE-A48A-4C66E4E974EC}.Release|Any CPU.ActiveCfg = Release|Any CPU
		{C9E46F17-CA51-4BEE-A48A-4C66E4E974EC}.Release|Any CPU.Build.0 = Release|Any CPU
		{E2F46675-A059-492C-A05F-D65ACE994F3F}.Debug|Any CPU.ActiveCfg = Debug|Any CPU
		{E2F46675-A059-492C-A05F-D65ACE994F3F}.Debug|Any CPU.Build.0 = Debug|Any CPU
		{E2F46675-A059-492C-A05F-D65ACE994F3F}.Release|Any CPU.ActiveCfg = Release|Any CPU
		{E2F46675-A059-492C-A05F-D65ACE994F3F}.Release|Any CPU.Build.0 = Release|Any CPU
		{6A917AC6-479B-4D3D-B326-D295C5E8D3E1}.Debug|Any CPU.ActiveCfg = Debug|Any CPU
		{6A917AC6-479B-4D3D-B326-D295C5E8D3E1}.Debug|Any CPU.Build.0 = Debug|Any CPU
		{6A917AC6-479B-4D3D-B326-D295C5E8D3E1}.Release|Any CPU.ActiveCfg = Release|Any CPU
		{6A917AC6-479B-4D3D-B326-D295C5E8D3E1}.Release|Any CPU.Build.0 = Release|Any CPU
		{A2402945-F87D-46D4-BD83-002C6471433D}.Debug|Any CPU.ActiveCfg = Debug|Any CPU
		{A2402945-F87D-46D4-BD83-002C6471433D}.Debug|Any CPU.Build.0 = Debug|Any CPU
		{A2402945-F87D-46D4-BD83-002C6471433D}.Release|Any CPU.ActiveCfg = Release|Any CPU
		{A2402945-F87D-46D4-BD83-002C6471433D}.Release|Any CPU.Build.0 = Release|Any CPU
		{F9B54BFA-A0FA-40F3-B18C-0989CA48BD7C}.Debug|Any CPU.ActiveCfg = Debug|Any CPU
		{F9B54BFA-A0FA-40F3-B18C-0989CA48BD7C}.Debug|Any CPU.Build.0 = Debug|Any CPU
		{F9B54BFA-A0FA-40F3-B18C-0989CA48BD7C}.Release|Any CPU.ActiveCfg = Release|Any CPU
		{F9B54BFA-A0FA-40F3-B18C-0989CA48BD7C}.Release|Any CPU.Build.0 = Release|Any CPU
	EndGlobalSection
	GlobalSection(SolutionProperties) = preSolution
		HideSolutionNode = FALSE
	EndGlobalSection
	GlobalSection(ExtensibilityGlobals) = postSolution
		SolutionGuid = {345D8066-163C-460C-A493-09A0DB8A3463}
	EndGlobalSection
EndGlobal
